
Microsoft Visual Studio Solution File, Format Version 12.00
# Visual Studio 15
VisualStudioVersion = 15.0.28307.2017
MinimumVisualStudioVersion = 10.0.40219.1
Project("{FAE04EC0-301F-11D3-BF4B-00C04F79EFBC}") = "ClearWebsiteASP", "ClearWebsiteASP\ClearWebsiteASP.csproj", "{08EB2399-F77C-43A0-9CE8-CD46072077B2}"
EndProject
Global
	GlobalSection(SolutionConfigurationPlatforms) = preSolution
		Debug|Any CPU = Debug|Any CPU
		Release|Any CPU = Release|Any CPU
	EndGlobalSection
	GlobalSection(ProjectConfigurationPlatforms) = postSolution
		{08EB2399-F77C-43A0-9CE8-CD46072077B2}.Debug|Any CPU.ActiveCfg = Debug|Any CPU
		{08EB2399-F77C-43A0-9CE8-CD46072077B2}.Debug|Any CPU.Build.0 = Debug|Any CPU
		{08EB2399-F77C-43A0-9CE8-CD46072077B2}.Release|Any CPU.ActiveCfg = Release|Any CPU
		{08EB2399-F77C-43A0-9CE8-CD46072077B2}.Release|Any CPU.Build.0 = Release|Any CPU
	EndGlobalSection
	GlobalSection(SolutionProperties) = preSolution
		HideSolutionNode = FALSE
	EndGlobalSection
	GlobalSection(ExtensibilityGlobals) = postSolution
		SolutionGuid = {CDDB7A3C-6533-472F-907F-ED6FEA3F9E95}
	EndGlobalSection
EndGlobal
